// !$*UTF8*$!
{
	archiveVersion = 1;
	classes = {
	};
	objectVersion = 56;
	objects = {

/* Begin PBXBuildFile section */
		DD1B5B6B2A60145000291264 /* Demo.swift in Sources */ = {isa = PBXBuildFile; fileRef = DD1B5B6A2A60145000291264 /* Demo.swift */; };
		DD1B5B6E2A60235F00291264 /* MainTabView.swift in Sources */ = {isa = PBXBuildFile; fileRef = DD1B5B6D2A60235F00291264 /* MainTabView.swift */; };
		DD1B5B762A602F6100291264 /* ExploreView.swift in Sources */ = {isa = PBXBuildFile; fileRef = DD1B5B752A602F6100291264 /* ExploreView.swift */; };
		DD1B5B782A602F7000291264 /* NotificationsView.swift in Sources */ = {isa = PBXBuildFile; fileRef = DD1B5B772A602F7000291264 /* NotificationsView.swift */; };
		DD1B5B7A2A602F7D00291264 /* MessagesView.swift in Sources */ = {isa = PBXBuildFile; fileRef = DD1B5B792A602F7D00291264 /* MessagesView.swift */; };
		DD1B5B7E2A6034AD00291264 /* ProfileView.swift in Sources */ = {isa = PBXBuildFile; fileRef = DD1B5B7D2A6034AD00291264 /* ProfileView.swift */; };
		DD49A61D2A56408D00C9FD34 /* Twitter_CloneApp.swift in Sources */ = {isa = PBXBuildFile; fileRef = DD49A61C2A56408D00C9FD34 /* Twitter_CloneApp.swift */; };
		DD49A61F2A56408D00C9FD34 /* ContentView.swift in Sources */ = {isa = PBXBuildFile; fileRef = DD49A61E2A56408D00C9FD34 /* ContentView.swift */; };
		DD49A6212A56408E00C9FD34 /* Assets.xcassets in Resources */ = {isa = PBXBuildFile; fileRef = DD49A6202A56408E00C9FD34 /* Assets.xcassets */; };
		DD49A6242A56408E00C9FD34 /* Preview Assets.xcassets in Resources */ = {isa = PBXBuildFile; fileRef = DD49A6232A56408E00C9FD34 /* Preview Assets.xcassets */; };
		DD49A6332A5641CC00C9FD34 /* FeedView.swift in Sources */ = {isa = PBXBuildFile; fileRef = DD49A6322A5641CC00C9FD34 /* FeedView.swift */; };
		DD49A6362A5643B400C9FD34 /* TweetRowView.swift in Sources */ = {isa = PBXBuildFile; fileRef = DD49A6352A5643B400C9FD34 /* TweetRowView.swift */; };
		DD9ABCC52A60DE1800963F13 /* UserRowView.swift in Sources */ = {isa = PBXBuildFile; fileRef = DD9ABCC42A60DE1800963F13 /* UserRowView.swift */; };
		DDEC430C2A60BF0100A3E179 /* TweetFilterViewModel.swift in Sources */ = {isa = PBXBuildFile; fileRef = DDEC430B2A60BF0100A3E179 /* TweetFilterViewModel.swift */; };
/* End PBXBuildFile section */

/* Begin PBXFileReference section */
		DD1B5B6A2A60145000291264 /* Demo.swift */ = {isa = PBXFileReference; lastKnownFileType = sourcecode.swift; path = Demo.swift; sourceTree = "<group>"; };
		DD1B5B6D2A60235F00291264 /* MainTabView.swift */ = {isa = PBXFileReference; lastKnownFileType = sourcecode.swift; path = MainTabView.swift; sourceTree = "<group>"; };
		DD1B5B752A602F6100291264 /* ExploreView.swift */ = {isa = PBXFileReference; lastKnownFileType = sourcecode.swift; path = ExploreView.swift; sourceTree = "<group>"; };
		DD1B5B772A602F7000291264 /* NotificationsView.swift */ = {isa = PBXFileReference; lastKnownFileType = sourcecode.swift; path = NotificationsView.swift; sourceTree = "<group>"; };
		DD1B5B792A602F7D00291264 /* MessagesView.swift */ = {isa = PBXFileReference; lastKnownFileType = sourcecode.swift; path = MessagesView.swift; sourceTree = "<group>"; };
		DD1B5B7D2A6034AD00291264 /* ProfileView.swift */ = {isa = PBXFileReference; lastKnownFileType = sourcecode.swift; path = ProfileView.swift; sourceTree = "<group>"; };
		DD49A6192A56408D00C9FD34 /* Twitter Clone.app */ = {isa = PBXFileReference; explicitFileType = wrapper.application; includeInIndex = 0; path = "Twitter Clone.app"; sourceTree = BUILT_PRODUCTS_DIR; };
		DD49A61C2A56408D00C9FD34 /* Twitter_CloneApp.swift */ = {isa = PBXFileReference; lastKnownFileType = sourcecode.swift; path = Twitter_CloneApp.swift; sourceTree = "<group>"; };
		DD49A61E2A56408D00C9FD34 /* ContentView.swift */ = {isa = PBXFileReference; lastKnownFileType = sourcecode.swift; path = ContentView.swift; sourceTree = "<group>"; };
		DD49A6202A56408E00C9FD34 /* Assets.xcassets */ = {isa = PBXFileReference; lastKnownFileType = folder.assetcatalog; path = Assets.xcassets; sourceTree = "<group>"; };
		DD49A6232A56408E00C9FD34 /* Preview Assets.xcassets */ = {isa = PBXFileReference; lastKnownFileType = folder.assetcatalog; path = "Preview Assets.xcassets"; sourceTree = "<group>"; };
		DD49A6322A5641CC00C9FD34 /* FeedView.swift */ = {isa = PBXFileReference; lastKnownFileType = sourcecode.swift; path = FeedView.swift; sourceTree = "<group>"; };
		DD49A6352A5643B400C9FD34 /* TweetRowView.swift */ = {isa = PBXFileReference; lastKnownFileType = sourcecode.swift; path = TweetRowView.swift; sourceTree = "<group>"; };
		DD9ABCC42A60DE1800963F13 /* UserRowView.swift */ = {isa = PBXFileReference; lastKnownFileType = sourcecode.swift; path = UserRowView.swift; sourceTree = "<group>"; };
		DDEC430B2A60BF0100A3E179 /* TweetFilterViewModel.swift */ = {isa = PBXFileReference; lastKnownFileType = sourcecode.swift; path = TweetFilterViewModel.swift; sourceTree = "<group>"; };
/* End PBXFileReference section */

/* Begin PBXFrameworksBuildPhase section */
		DD49A6162A56408D00C9FD34 /* Frameworks */ = {
			isa = PBXFrameworksBuildPhase;
			buildActionMask = 2147483647;
			files = (
			);
			runOnlyForDeploymentPostprocessing = 0;
		};
/* End PBXFrameworksBuildPhase section */

/* Begin PBXGroup section */
		DD1B5B6C2A60234800291264 /* MainTab */ = {
			isa = PBXGroup;
			children = (
				DD1B5B6D2A60235F00291264 /* MainTabView.swift */,
			);
			path = MainTab;
			sourceTree = "<group>";
		};
		DD1B5B712A602F1B00291264 /* Explore */ = {
			isa = PBXGroup;
			children = (
				DD9ABCC22A60DDCD00963F13 /* Views */,
				DD9ABCC12A60DDB300963F13 /* ViewModel */,
			);
			path = Explore;
			sourceTree = "<group>";
		};
		DD1B5B722A602F2E00291264 /* Profile */ = {
			isa = PBXGroup;
			children = (
				DD1B5B7C2A60349500291264 /* Views */,
				DD1B5B7B2A60348B00291264 /* ViewModels */,
			);
			path = Profile;
			sourceTree = "<group>";
		};
		DD1B5B732A602F4100291264 /* Notifications */ = {
			isa = PBXGroup;
			children = (
				DD1B5B772A602F7000291264 /* NotificationsView.swift */,
			);
			path = Notifications;
			sourceTree = "<group>";
		};
		DD1B5B742A602F4D00291264 /* Messages */ = {
			isa = PBXGroup;
			children = (
				DD1B5B792A602F7D00291264 /* MessagesView.swift */,
			);
			path = Messages;
			sourceTree = "<group>";
		};
		DD1B5B7B2A60348B00291264 /* ViewModels */ = {
			isa = PBXGroup;
			children = (
				DDEC430B2A60BF0100A3E179 /* TweetFilterViewModel.swift */,
			);
			path = ViewModels;
			sourceTree = "<group>";
		};
		DD1B5B7C2A60349500291264 /* Views */ = {
			isa = PBXGroup;
			children = (
				DD1B5B7D2A6034AD00291264 /* ProfileView.swift */,
			);
			path = Views;
			sourceTree = "<group>";
		};
		DD49A6102A56408C00C9FD34 = {
			isa = PBXGroup;
			children = (
				DD49A61B2A56408D00C9FD34 /* Twitter Clone */,
				DD49A61A2A56408D00C9FD34 /* Products */,
			);
			sourceTree = "<group>";
		};
		DD49A61A2A56408D00C9FD34 /* Products */ = {
			isa = PBXGroup;
			children = (
				DD49A6192A56408D00C9FD34 /* Twitter Clone.app */,
			);
			name = Products;
			sourceTree = "<group>";
		};
		DD49A61B2A56408D00C9FD34 /* Twitter Clone */ = {
			isa = PBXGroup;
			children = (
				DD49A62D2A56411500C9FD34 /* Core */,
				DD49A62C2A56410100C9FD34 /* Extensions */,
				DD49A62B2A5640F800C9FD34 /* Model */,
				DD49A62A2A5640B900C9FD34 /* Service */,
				DD49A61C2A56408D00C9FD34 /* Twitter_CloneApp.swift */,
				DD49A61E2A56408D00C9FD34 /* ContentView.swift */,
				DD49A6202A56408E00C9FD34 /* Assets.xcassets */,
				DD49A6222A56408E00C9FD34 /* Preview Content */,
			);
			path = "Twitter Clone";
			sourceTree = "<group>";
		};
		DD49A6222A56408E00C9FD34 /* Preview Content */ = {
			isa = PBXGroup;
			children = (
				DD49A6232A56408E00C9FD34 /* Preview Assets.xcassets */,
			);
			path = "Preview Content";
			sourceTree = "<group>";
		};
		DD49A62A2A5640B900C9FD34 /* Service */ = {
			isa = PBXGroup;
			children = (
			);
			path = Service;
			sourceTree = "<group>";
		};
		DD49A62B2A5640F800C9FD34 /* Model */ = {
			isa = PBXGroup;
			children = (
			);
			path = Model;
			sourceTree = "<group>";
		};
		DD49A62C2A56410100C9FD34 /* Extensions */ = {
			isa = PBXGroup;
			children = (
			);
			path = Extensions;
			sourceTree = "<group>";
		};
		DD49A62D2A56411500C9FD34 /* Core */ = {
			isa = PBXGroup;
			children = (
				DD1B5B742A602F4D00291264 /* Messages */,
				DD1B5B732A602F4100291264 /* Notifications */,
				DD1B5B722A602F2E00291264 /* Profile */,
				DD1B5B712A602F1B00291264 /* Explore */,
				DD1B5B6C2A60234800291264 /* MainTab */,
				DD49A62F2A56412300C9FD34 /* Feed */,
				DD49A62E2A56412000C9FD34 /* Components */,
			);
			path = Core;
			sourceTree = "<group>";
		};
		DD49A62E2A56412000C9FD34 /* Components */ = {
			isa = PBXGroup;
			children = (
				DD9ABCC32A60DE0200963F13 /* Users */,
				DD49A6342A56436D00C9FD34 /* Tweets */,
			);
			path = Components;
			sourceTree = "<group>";
		};
		DD49A62F2A56412300C9FD34 /* Feed */ = {
			isa = PBXGroup;
			children = (
				DD49A6312A56419000C9FD34 /* View */,
				DD49A6302A56417800C9FD34 /* ViewModels */,
			);
			path = Feed;
			sourceTree = "<group>";
		};
		DD49A6302A56417800C9FD34 /* ViewModels */ = {
			isa = PBXGroup;
			children = (
			);
			path = ViewModels;
			sourceTree = "<group>";
		};
		DD49A6312A56419000C9FD34 /* View */ = {
			isa = PBXGroup;
			children = (
				DD49A6322A5641CC00C9FD34 /* FeedView.swift */,
			);
			path = View;
			sourceTree = "<group>";
		};
		DD49A6342A56436D00C9FD34 /* Tweets */ = {
			isa = PBXGroup;
			children = (
				DD49A6352A5643B400C9FD34 /* TweetRowView.swift */,
				DD1B5B6A2A60145000291264 /* Demo.swift */,
			);
			path = Tweets;
			sourceTree = "<group>";
		};
		DD9ABCC12A60DDB300963F13 /* ViewModel */ = {
			isa = PBXGroup;
			children = (
			);
			path = ViewModel;
			sourceTree = "<group>";
		};
		DD9ABCC22A60DDCD00963F13 /* Views */ = {
			isa = PBXGroup;
			children = (
				DD1B5B752A602F6100291264 /* ExploreView.swift */,
			);
			path = Views;
			sourceTree = "<group>";
		};
		DD9ABCC32A60DE0200963F13 /* Users */ = {
			isa = PBXGroup;
			children = (
				DD9ABCC42A60DE1800963F13 /* UserRowView.swift */,
			);
			path = Users;
			sourceTree = "<group>";
		};
/* End PBXGroup section */

/* Begin PBXNativeTarget section */
		DD49A6182A56408D00C9FD34 /* Twitter Clone */ = {
			isa = PBXNativeTarget;
			buildConfigurationList = DD49A6272A56408E00C9FD34 /* Build configuration list for PBXNativeTarget "Twitter Clone" */;
			buildPhases = (
				DD49A6152A56408D00C9FD34 /* Sources */,
				DD49A6162A56408D00C9FD34 /* Frameworks */,
				DD49A6172A56408D00C9FD34 /* Resources */,
				DDEC430A2A606BD100A3E179 /* SwiftFormat */,
			);
			buildRules = (
			);
			dependencies = (
			);
			name = "Twitter Clone";
			productName = "Twitter Clone";
			productReference = DD49A6192A56408D00C9FD34 /* Twitter Clone.app */;
			productType = "com.apple.product-type.application";
		};
/* End PBXNativeTarget section */

/* Begin PBXProject section */
		DD49A6112A56408D00C9FD34 /* Project object */ = {
			isa = PBXProject;
			attributes = {
				BuildIndependentTargetsInParallel = 1;
				LastSwiftUpdateCheck = 1430;
				LastUpgradeCheck = 1430;
				TargetAttributes = {
					DD49A6182A56408D00C9FD34 = {
						CreatedOnToolsVersion = 14.3.1;
					};
				};
			};
			buildConfigurationList = DD49A6142A56408D00C9FD34 /* Build configuration list for PBXProject "Twitter Clone" */;
			compatibilityVersion = "Xcode 14.0";
			developmentRegion = en;
			hasScannedForEncodings = 0;
			knownRegions = (
				en,
				Base,
			);
			mainGroup = DD49A6102A56408C00C9FD34;
			productRefGroup = DD49A61A2A56408D00C9FD34 /* Products */;
			projectDirPath = "";
			projectRoot = "";
			targets = (
				DD49A6182A56408D00C9FD34 /* Twitter Clone */,
			);
		};
/* End PBXProject section */

/* Begin PBXResourcesBuildPhase section */
		DD49A6172A56408D00C9FD34 /* Resources */ = {
			isa = PBXResourcesBuildPhase;
			buildActionMask = 2147483647;
			files = (
				DD49A6242A56408E00C9FD34 /* Preview Assets.xcassets in Resources */,
				DD49A6212A56408E00C9FD34 /* Assets.xcassets in Resources */,
			);
			runOnlyForDeploymentPostprocessing = 0;
		};
/* End PBXResourcesBuildPhase section */

/* Begin PBXShellScriptBuildPhase section */
		DDEC430A2A606BD100A3E179 /* SwiftFormat */ = {
			isa = PBXShellScriptBuildPhase;
			buildActionMask = 2147483647;
			files = (
			);
			inputFileListPaths = (
			);
			inputPaths = (
			);
			name = SwiftFormat;
			outputFileListPaths = (
			);
			outputPaths = (
			);
			runOnlyForDeploymentPostprocessing = 0;
			shellPath = /bin/sh;
			shellScript = "export PATH=\"$PATH:/opt/homebrew/bin\"\nif which swiftformat >/dev/null; then\n  swiftformat .\nelse\n  echo \"warning: SwiftFormat not installed, download from https://github.com/nicklockwood/SwiftFormat\"\nfi\n";
		};
/* End PBXShellScriptBuildPhase section */

/* Begin PBXSourcesBuildPhase section */
		DD49A6152A56408D00C9FD34 /* Sources */ = {
			isa = PBXSourcesBuildPhase;
			buildActionMask = 2147483647;
			files = (
				DD1B5B762A602F6100291264 /* ExploreView.swift in Sources */,
				DD49A61F2A56408D00C9FD34 /* ContentView.swift in Sources */,
				DD1B5B7E2A6034AD00291264 /* ProfileView.swift in Sources */,
				DD1B5B7A2A602F7D00291264 /* MessagesView.swift in Sources */,
				DD1B5B6B2A60145000291264 /* Demo.swift in Sources */,
				DD49A6362A5643B400C9FD34 /* TweetRowView.swift in Sources */,
				DD49A6332A5641CC00C9FD34 /* FeedView.swift in Sources */,
				DD49A61D2A56408D00C9FD34 /* Twitter_CloneApp.swift in Sources */,
				DDEC430C2A60BF0100A3E179 /* TweetFilterViewModel.swift in Sources */,
				DD1B5B6E2A60235F00291264 /* MainTabView.swift in Sources */,
				DD9ABCC52A60DE1800963F13 /* UserRowView.swift in Sources */,
				DD1B5B782A602F7000291264 /* NotificationsView.swift in Sources */,
			);
			runOnlyForDeploymentPostprocessing = 0;
		};
/* End PBXSourcesBuildPhase section */

/* Begin XCBuildConfiguration section */
		DD49A6252A56408E00C9FD34 /* Debug */ = {
			isa = XCBuildConfiguration;
			buildSettings = {
				ALWAYS_SEARCH_USER_PATHS = NO;
				CLANG_ANALYZER_NONNULL = YES;
				CLANG_ANALYZER_NUMBER_OBJECT_CONVERSION = YES_AGGRESSIVE;
				CLANG_CXX_LANGUAGE_STANDARD = "gnu++20";
				CLANG_ENABLE_MODULES = YES;
				CLANG_ENABLE_OBJC_ARC = YES;
				CLANG_ENABLE_OBJC_WEAK = YES;
				CLANG_WARN_BLOCK_CAPTURE_AUTORELEASING = YES;
				CLANG_WARN_BOOL_CONVERSION = YES;
				CLANG_WARN_COMMA = YES;
				CLANG_WARN_CONSTANT_CONVERSION = YES;
				CLANG_WARN_DEPRECATED_OBJC_IMPLEMENTATIONS = YES;
				CLANG_WARN_DIRECT_OBJC_ISA_USAGE = YES_ERROR;
				CLANG_WARN_DOCUMENTATION_COMMENTS = YES;
				CLANG_WARN_EMPTY_BODY = YES;
				CLANG_WARN_ENUM_CONVERSION = YES;
				CLANG_WARN_INFINITE_RECURSION = YES;
				CLANG_WARN_INT_CONVERSION = YES;
				CLANG_WARN_NON_LITERAL_NULL_CONVERSION = YES;
				CLANG_WARN_OBJC_IMPLICIT_RETAIN_SELF = YES;
				CLANG_WARN_OBJC_LITERAL_CONVERSION = YES;
				CLANG_WARN_OBJC_ROOT_CLASS = YES_ERROR;
				CLANG_WARN_QUOTED_INCLUDE_IN_FRAMEWORK_HEADER = YES;
				CLANG_WARN_RANGE_LOOP_ANALYSIS = YES;
				CLANG_WARN_STRICT_PROTOTYPES = YES;
				CLANG_WARN_SUSPICIOUS_MOVE = YES;
				CLANG_WARN_UNGUARDED_AVAILABILITY = YES_AGGRESSIVE;
				CLANG_WARN_UNREACHABLE_CODE = YES;
				CLANG_WARN__DUPLICATE_METHOD_MATCH = YES;
				COPY_PHASE_STRIP = NO;
				DEBUG_INFORMATION_FORMAT = dwarf;
				ENABLE_STRICT_OBJC_MSGSEND = YES;
				ENABLE_TESTABILITY = YES;
				GCC_C_LANGUAGE_STANDARD = gnu11;
				GCC_DYNAMIC_NO_PIC = NO;
				GCC_NO_COMMON_BLOCKS = YES;
				GCC_OPTIMIZATION_LEVEL = 0;
				GCC_PREPROCESSOR_DEFINITIONS = (
					"DEBUG=1",
					"$(inherited)",
				);
				GCC_WARN_64_TO_32_BIT_CONVERSION = YES;
				GCC_WARN_ABOUT_RETURN_TYPE = YES_ERROR;
				GCC_WARN_UNDECLARED_SELECTOR = YES;
				GCC_WARN_UNINITIALIZED_AUTOS = YES_AGGRESSIVE;
				GCC_WARN_UNUSED_FUNCTION = YES;
				GCC_WARN_UNUSED_VARIABLE = YES;
				IPHONEOS_DEPLOYMENT_TARGET = 16.4;
				MTL_ENABLE_DEBUG_INFO = INCLUDE_SOURCE;
				MTL_FAST_MATH = YES;
				ONLY_ACTIVE_ARCH = YES;
				SDKROOT = iphoneos;
				SWIFT_ACTIVE_COMPILATION_CONDITIONS = DEBUG;
				SWIFT_OPTIMIZATION_LEVEL = "-Onone";
			};
			name = Debug;
		};
		DD49A6262A56408E00C9FD34 /* Release */ = {
			isa = XCBuildConfiguration;
			buildSettings = {
				ALWAYS_SEARCH_USER_PATHS = NO;
				CLANG_ANALYZER_NONNULL = YES;
				CLANG_ANALYZER_NUMBER_OBJECT_CONVERSION = YES_AGGRESSIVE;
				CLANG_CXX_LANGUAGE_STANDARD = "gnu++20";
				CLANG_ENABLE_MODULES = YES;
				CLANG_ENABLE_OBJC_ARC = YES;
				CLANG_ENABLE_OBJC_WEAK = YES;
				CLANG_WARN_BLOCK_CAPTURE_AUTORELEASING = YES;
				CLANG_WARN_BOOL_CONVERSION = YES;
				CLANG_WARN_COMMA = YES;
				CLANG_WARN_CONSTANT_CONVERSION = YES;
				CLANG_WARN_DEPRECATED_OBJC_IMPLEMENTATIONS = YES;
				CLANG_WARN_DIRECT_OBJC_ISA_USAGE = YES_ERROR;
				CLANG_WARN_DOCUMENTATION_COMMENTS = YES;
				CLANG_WARN_EMPTY_BODY = YES;
				CLANG_WARN_ENUM_CONVERSION = YES;
				CLANG_WARN_INFINITE_RECURSION = YES;
				CLANG_WARN_INT_CONVERSION = YES;
				CLANG_WARN_NON_LITERAL_NULL_CONVERSION = YES;
				CLANG_WARN_OBJC_IMPLICIT_RETAIN_SELF = YES;
				CLANG_WARN_OBJC_LITERAL_CONVERSION = YES;
				CLANG_WARN_OBJC_ROOT_CLASS = YES_ERROR;
				CLANG_WARN_QUOTED_INCLUDE_IN_FRAMEWORK_HEADER = YES;
				CLANG_WARN_RANGE_LOOP_ANALYSIS = YES;
				CLANG_WARN_STRICT_PROTOTYPES = YES;
				CLANG_WARN_SUSPICIOUS_MOVE = YES;
				CLANG_WARN_UNGUARDED_AVAILABILITY = YES_AGGRESSIVE;
				CLANG_WARN_UNREACHABLE_CODE = YES;
				CLANG_WARN__DUPLICATE_METHOD_MATCH = YES;
				COPY_PHASE_STRIP = NO;
				DEBUG_INFORMATION_FORMAT = "dwarf-with-dsym";
				ENABLE_NS_ASSERTIONS = NO;
				ENABLE_STRICT_OBJC_MSGSEND = YES;
				GCC_C_LANGUAGE_STANDARD = gnu11;
				GCC_NO_COMMON_BLOCKS = YES;
				GCC_WARN_64_TO_32_BIT_CONVERSION = YES;
				GCC_WARN_ABOUT_RETURN_TYPE = YES_ERROR;
				GCC_WARN_UNDECLARED_SELECTOR = YES;
				GCC_WARN_UNINITIALIZED_AUTOS = YES_AGGRESSIVE;
				GCC_WARN_UNUSED_FUNCTION = YES;
				GCC_WARN_UNUSED_VARIABLE = YES;
				IPHONEOS_DEPLOYMENT_TARGET = 16.4;
				MTL_ENABLE_DEBUG_INFO = NO;
				MTL_FAST_MATH = YES;
				SDKROOT = iphoneos;
				SWIFT_COMPILATION_MODE = wholemodule;
				SWIFT_OPTIMIZATION_LEVEL = "-O";
				VALIDATE_PRODUCT = YES;
			};
			name = Release;
		};
		DD49A6282A56408E00C9FD34 /* Debug */ = {
			isa = XCBuildConfiguration;
			buildSettings = {
				ASSETCATALOG_COMPILER_APPICON_NAME = AppIcon;
				ASSETCATALOG_COMPILER_GLOBAL_ACCENT_COLOR_NAME = AccentColor;
				CODE_SIGN_STYLE = Automatic;
				CURRENT_PROJECT_VERSION = 1;
				DEVELOPMENT_ASSET_PATHS = "\"Twitter Clone/Preview Content\"";
				DEVELOPMENT_TEAM = ULHUG8VDCN;
				ENABLE_PREVIEWS = YES;
				GENERATE_INFOPLIST_FILE = YES;
				INFOPLIST_KEY_UIApplicationSceneManifest_Generation = YES;
				INFOPLIST_KEY_UIApplicationSupportsIndirectInputEvents = YES;
				INFOPLIST_KEY_UILaunchScreen_Generation = YES;
				INFOPLIST_KEY_UISupportedInterfaceOrientations_iPad = "UIInterfaceOrientationPortrait UIInterfaceOrientationPortraitUpsideDown UIInterfaceOrientationLandscapeLeft UIInterfaceOrientationLandscapeRight";
				INFOPLIST_KEY_UISupportedInterfaceOrientations_iPhone = "UIInterfaceOrientationPortrait UIInterfaceOrientationLandscapeLeft UIInterfaceOrientationLandscapeRight";
				LD_RUNPATH_SEARCH_PATHS = (
					"$(inherited)",
					"@executable_path/Frameworks",
				);
				MARKETING_VERSION = 1.0;
				PRODUCT_BUNDLE_IDENTIFIER = "com.testing-twitter-fahim17-Clone";
				PRODUCT_NAME = "$(TARGET_NAME)";
				SWIFT_EMIT_LOC_STRINGS = YES;
				SWIFT_VERSION = 5.0;
				TARGETED_DEVICE_FAMILY = "1,2";
			};
			name = Debug;
		};
		DD49A6292A56408E00C9FD34 /* Release */ = {
			isa = XCBuildConfiguration;
			buildSettings = {
				ASSETCATALOG_COMPILER_APPICON_NAME = AppIcon;
				ASSETCATALOG_COMPILER_GLOBAL_ACCENT_COLOR_NAME = AccentColor;
				CODE_SIGN_STYLE = Automatic;
				CURRENT_PROJECT_VERSION = 1;
				DEVELOPMENT_ASSET_PATHS = "\"Twitter Clone/Preview Content\"";
				DEVELOPMENT_TEAM = ULHUG8VDCN;
				ENABLE_PREVIEWS = YES;
				GENERATE_INFOPLIST_FILE = YES;
				INFOPLIST_KEY_UIApplicationSceneManifest_Generation = YES;
				INFOPLIST_KEY_UIApplicationSupportsIndirectInputEvents = YES;
				INFOPLIST_KEY_UILaunchScreen_Generation = YES;
				INFOPLIST_KEY_UISupportedInterfaceOrientations_iPad = "UIInterfaceOrientationPortrait UIInterfaceOrientationPortraitUpsideDown UIInterfaceOrientationLandscapeLeft UIInterfaceOrientationLandscapeRight";
				INFOPLIST_KEY_UISupportedInterfaceOrientations_iPhone = "UIInterfaceOrientationPortrait UIInterfaceOrientationLandscapeLeft UIInterfaceOrientationLandscapeRight";
				LD_RUNPATH_SEARCH_PATHS = (
					"$(inherited)",
					"@executable_path/Frameworks",
				);
				MARKETING_VERSION = 1.0;
				PRODUCT_BUNDLE_IDENTIFIER = "com.testing-twitter-fahim17-Clone";
				PRODUCT_NAME = "$(TARGET_NAME)";
				SWIFT_EMIT_LOC_STRINGS = YES;
				SWIFT_VERSION = 5.0;
				TARGETED_DEVICE_FAMILY = "1,2";
			};
			name = Release;
		};
/* End XCBuildConfiguration section */

/* Begin XCConfigurationList section */
		DD49A6142A56408D00C9FD34 /* Build configuration list for PBXProject "Twitter Clone" */ = {
			isa = XCConfigurationList;
			buildConfigurations = (
				DD49A6252A56408E00C9FD34 /* Debug */,
				DD49A6262A56408E00C9FD34 /* Release */,
			);
			defaultConfigurationIsVisible = 0;
			defaultConfigurationName = Release;
		};
		DD49A6272A56408E00C9FD34 /* Build configuration list for PBXNativeTarget "Twitter Clone" */ = {
			isa = XCConfigurationList;
			buildConfigurations = (
				DD49A6282A56408E00C9FD34 /* Debug */,
				DD49A6292A56408E00C9FD34 /* Release */,
			);
			defaultConfigurationIsVisible = 0;
			defaultConfigurationName = Release;
		};
/* End XCConfigurationList section */
	};
	rootObject = DD49A6112A56408D00C9FD34 /* Project object */;
}
